
Microsoft Visual Studio Solution File, Format Version 12.00
# Visual Studio Version 17
VisualStudioVersion = 17.8.34316.72
MinimumVisualStudioVersion = 10.0.40219.1
Project("{FAE04EC0-301F-11D3-BF4B-00C04F79EFBC}") = "CodeFirstApp", "CodeFirstApp\CodeFirstApp.csproj", "{29FDCDB4-56C5-4676-877D-7128B0ABE782}"
EndProject
Project("{FAE04EC0-301F-11D3-BF4B-00C04F79EFBC}") = "LibForCodeFirstDemo", "LibForCodeFirstDemo\LibForCodeFirstDemo.csproj", "{28A4AC69-AB94-4F18-A987-A9976E61F3FE}"
EndProject
Global
	GlobalSection(SolutionConfigurationPlatforms) = preSolution
		Debug|Any CPU = Debug|Any CPU
		Release|Any CPU = Release|Any CPU
	EndGlobalSection
	GlobalSection(ProjectConfigurationPlatforms) = postSolution
		{29FDCDB4-56C5-4676-877D-7128B0ABE782}.Debug|Any CPU.ActiveCfg = Debug|Any CPU
		{29FDCDB4-56C5-4676-877D-7128B0ABE782}.Debug|Any CPU.Build.0 = Debug|Any CPU
		{29FDCDB4-56C5-4676-877D-7128B0ABE782}.Release|Any CPU.ActiveCfg = Release|Any CPU
		{29FDCDB4-56C5-4676-877D-7128B0ABE782}.Release|Any CPU.Build.0 = Release|Any CPU
		{28A4AC69-AB94-4F18-A987-A9976E61F3FE}.Debug|Any CPU.ActiveCfg = Debug|Any CPU
		{28A4AC69-AB94-4F18-A987-A9976E61F3FE}.Debug|Any CPU.Build.0 = Debug|Any CPU
		{28A4AC69-AB94-4F18-A987-A9976E61F3FE}.Release|Any CPU.ActiveCfg = Release|Any CPU
		{28A4AC69-AB94-4F18-A987-A9976E61F3FE}.Release|Any CPU.Build.0 = Release|Any CPU
	EndGlobalSection
	GlobalSection(SolutionProperties) = preSolution
		HideSolutionNode = FALSE
	EndGlobalSection
	GlobalSection(ExtensibilityGlobals) = postSolution
		SolutionGuid = {43995E0D-B116-4B7C-9E5C-3D426CFB21EF}
	EndGlobalSection
EndGlobal
